// !$*UTF8*$!
{
	archiveVersion = 1;
	classes = {
	};
	objectVersion = 46;
	objects = {

/* Begin PBXBuildFile section */
		4B35F69F18F98621005FDBB2 /* CDFilter+Utils.m in Sources */ = {isa = PBXBuildFile; fileRef = 4B35F69E18F98621005FDBB2 /* CDFilter+Utils.m */; };
		4B546B5E18FB725F0091C821 /* fromto_hola_App_01.png in Resources */ = {isa = PBXBuildFile; fileRef = 4B546B4618FB725F0091C821 /* fromto_hola_App_01.png */; };
		4B546B5F18FB725F0091C821 /* fromto_hola_App_02.png in Resources */ = {isa = PBXBuildFile; fileRef = 4B546B4718FB725F0091C821 /* fromto_hola_App_02.png */; };
		4B546B6018FB725F0091C821 /* fromto_hola_App_03.png in Resources */ = {isa = PBXBuildFile; fileRef = 4B546B4818FB725F0091C821 /* fromto_hola_App_03.png */; };
		4B546B6118FB725F0091C821 /* fromto_hola_App_04.png in Resources */ = {isa = PBXBuildFile; fileRef = 4B546B4918FB725F0091C821 /* fromto_hola_App_04.png */; };
		4B546B6218FB725F0091C821 /* fromto_hola_App_05.png in Resources */ = {isa = PBXBuildFile; fileRef = 4B546B4A18FB725F0091C821 /* fromto_hola_App_05.png */; };
		4B546B6318FB725F0091C821 /* fromto_hola_App_06.png in Resources */ = {isa = PBXBuildFile; fileRef = 4B546B4B18FB725F0091C821 /* fromto_hola_App_06.png */; };
		4B546B6418FB725F0091C821 /* fromto_hola_App_07.png in Resources */ = {isa = PBXBuildFile; fileRef = 4B546B4C18FB725F0091C821 /* fromto_hola_App_07.png */; };
		4B546B6518FB725F0091C821 /* fromto_hola_App_08.png in Resources */ = {isa = PBXBuildFile; fileRef = 4B546B4D18FB725F0091C821 /* fromto_hola_App_08.png */; };
		4B546B6618FB725F0091C821 /* fromto_hola_App_09.png in Resources */ = {isa = PBXBuildFile; fileRef = 4B546B4E18FB725F0091C821 /* fromto_hola_App_09.png */; };
		4B546B6718FB725F0091C821 /* fromto_hola_App_10.png in Resources */ = {isa = PBXBuildFile; fileRef = 4B546B4F18FB725F0091C821 /* fromto_hola_App_10.png */; };
		4B546B6818FB725F0091C821 /* fromto_hola_App_11.png in Resources */ = {isa = PBXBuildFile; fileRef = 4B546B5018FB725F0091C821 /* fromto_hola_App_11.png */; };
		4B546B6918FB725F0091C821 /* fromto_hola_App_12.png in Resources */ = {isa = PBXBuildFile; fileRef = 4B546B5118FB725F0091C821 /* fromto_hola_App_12.png */; };
		4B546B6A18FB725F0091C821 /* fromto_hola_App_13.png in Resources */ = {isa = PBXBuildFile; fileRef = 4B546B5218FB725F0091C821 /* fromto_hola_App_13.png */; };
		4B546B6B18FB725F0091C821 /* fromto_hola_App_14.png in Resources */ = {isa = PBXBuildFile; fileRef = 4B546B5318FB725F0091C821 /* fromto_hola_App_14.png */; };
		4B546B6C18FB725F0091C821 /* fromto_hola_App_15.png in Resources */ = {isa = PBXBuildFile; fileRef = 4B546B5418FB725F0091C821 /* fromto_hola_App_15.png */; };
		4B546B6D18FB725F0091C821 /* fromto_hola_App_16.png in Resources */ = {isa = PBXBuildFile; fileRef = 4B546B5518FB725F0091C821 /* fromto_hola_App_16.png */; };
		4B546B6E18FB725F0091C821 /* fromto_hola_App_17.png in Resources */ = {isa = PBXBuildFile; fileRef = 4B546B5618FB725F0091C821 /* fromto_hola_App_17.png */; };
		4B546B6F18FB725F0091C821 /* fromto_hola_App_18.png in Resources */ = {isa = PBXBuildFile; fileRef = 4B546B5718FB725F0091C821 /* fromto_hola_App_18.png */; };
		4B546B7018FB725F0091C821 /* fromto_hola_App_19.png in Resources */ = {isa = PBXBuildFile; fileRef = 4B546B5818FB725F0091C821 /* fromto_hola_App_19.png */; };
		4B546B7118FB725F0091C821 /* fromto_hola_App_20.png in Resources */ = {isa = PBXBuildFile; fileRef = 4B546B5918FB725F0091C821 /* fromto_hola_App_20.png */; };
		4B546B7218FB725F0091C821 /* fromto_hola_App_21.png in Resources */ = {isa = PBXBuildFile; fileRef = 4B546B5A18FB725F0091C821 /* fromto_hola_App_21.png */; };
		4B546B7318FB725F0091C821 /* fromto_hola_App_22.png in Resources */ = {isa = PBXBuildFile; fileRef = 4B546B5B18FB725F0091C821 /* fromto_hola_App_22.png */; };
		4B546B7418FB725F0091C821 /* fromto_hola_App_23.png in Resources */ = {isa = PBXBuildFile; fileRef = 4B546B5C18FB725F0091C821 /* fromto_hola_App_23.png */; };
		4B546B7518FB725F0091C821 /* fromto_hola_App_00.png in Resources */ = {isa = PBXBuildFile; fileRef = 4B546B5D18FB725F0091C821 /* fromto_hola_App_00.png */; };
		4B546B7C18FB73CA0091C821 /* ILTranslucentView.m in Sources */ = {isa = PBXBuildFile; fileRef = 4B546B7918FB73CA0091C821 /* ILTranslucentView.m */; };
		4B546B7D18FB73CA0091C821 /* LICENSE in Resources */ = {isa = PBXBuildFile; fileRef = 4B546B7A18FB73CA0091C821 /* LICENSE */; };
		4B546B7E18FB73CA0091C821 /* README.md in Resources */ = {isa = PBXBuildFile; fileRef = 4B546B7B18FB73CA0091C821 /* README.md */; };
		4B546B8018FB78940091C821 /* BackArrow.png in Resources */ = {isa = PBXBuildFile; fileRef = 4B546B7F18FB78940091C821 /* BackArrow.png */; };
		4B546B8218FB7A7A0091C821 /* fromtoSplash.png in Resources */ = {isa = PBXBuildFile; fileRef = 4B546B8118FB7A7A0091C821 /* fromtoSplash.png */; };
		4B546B9418FBFFDA0091C821 /* icon_app_120.png in Resources */ = {isa = PBXBuildFile; fileRef = 4B546B9218FBFFDA0091C821 /* icon_app_120.png */; };
		4B546B9518FBFFDA0091C821 /* icon_app_1024.png in Resources */ = {isa = PBXBuildFile; fileRef = 4B546B9318FBFFDA0091C821 /* icon_app_1024.png */; };
		4B546BC318FD15B10091C821 /* CDFilter.m in Sources */ = {isa = PBXBuildFile; fileRef = 4B546BC218FD15B10091C821 /* CDFilter.m */; };
		4B546BCF18FD20240091C821 /* Installation.m in Sources */ = {isa = PBXBuildFile; fileRef = 4B546BCE18FD20240091C821 /* Installation.m */; };
		4B546BE118FD2B1C0091C821 /* CDLocation.m in Sources */ = {isa = PBXBuildFile; fileRef = 4B546BE018FD2B1C0091C821 /* CDLocation.m */; };
		4B546BE418FD2B1C0091C821 /* CDProfile.m in Sources */ = {isa = PBXBuildFile; fileRef = 4B546BE318FD2B1C0091C821 /* CDProfile.m */; };
		4B78FAD318FAE91500322A30 /* FilterViewController.m in Sources */ = {isa = PBXBuildFile; fileRef = 4B78FAD218FAE91500322A30 /* FilterViewController.m */; };
		4B78FADD18FAFE2300322A30 /* active.png in Resources */ = {isa = PBXBuildFile; fileRef = 4B78FAD518FAFE2300322A30 /* active.png */; };
		4B78FADE18FAFE2300322A30 /* Adventure.png in Resources */ = {isa = PBXBuildFile; fileRef = 4B78FAD618FAFE2300322A30 /* Adventure.png */; };
		4B78FAE018FAFE2300322A30 /* philosophical.png in Resources */ = {isa = PBXBuildFile; fileRef = 4B78FAD818FAFE2300322A30 /* philosophical.png */; };
		4B78FAE118FAFE2300322A30 /* Relaxed.png in Resources */ = {isa = PBXBuildFile; fileRef = 4B78FAD918FAFE2300322A30 /* Relaxed.png */; };
		4B78FAE218FAFE2300322A30 /* Romantic.png in Resources */ = {isa = PBXBuildFile; fileRef = 4B78FADA18FAFE2300322A30 /* Romantic.png */; };
		4B78FAE318FAFE2300322A30 /* sociable.png in Resources */ = {isa = PBXBuildFile; fileRef = 4B78FADB18FAFE2300322A30 /* sociable.png */; };
		4B78FAE418FAFE2300322A30 /* solitary.png in Resources */ = {isa = PBXBuildFile; fileRef = 4B78FADC18FAFE2300322A30 /* solitary.png */; };
		4B78FAF518FB130000322A30 /* alternative.png in Resources */ = {isa = PBXBuildFile; fileRef = 4B78FAED18FB130000322A30 /* alternative.png */; };
		4B78FAF618FB130000322A30 /* culture.png in Resources */ = {isa = PBXBuildFile; fileRef = 4B78FAEE18FB130000322A30 /* culture.png */; };
		4B78FAF718FB130000322A30 /* food.png in Resources */ = {isa = PBXBuildFile; fileRef = 4B78FAEF18FB130000322A30 /* food.png */; };
		4B78FAF818FB130000322A30 /* drinks.png in Resources */ = {isa = PBXBuildFile; fileRef = 4B78FAF018FB130000322A30 /* drinks.png */; };
		4B78FAF918FB130000322A30 /* healthylife.png in Resources */ = {isa = PBXBuildFile; fileRef = 4B78FAF118FB130000322A30 /* healthylife.png */; };
		4B78FAFA18FB130000322A30 /* music.png in Resources */ = {isa = PBXBuildFile; fileRef = 4B78FAF218FB130000322A30 /* music.png */; };
		4B78FAFB18FB130000322A30 /* shopping.png in Resources */ = {isa = PBXBuildFile; fileRef = 4B78FAF318FB130000322A30 /* shopping.png */; };
		4B78FAFC18FB130000322A30 /* haveastroll.png in Resources */ = {isa = PBXBuildFile; fileRef = 4B78FAF418FB130000322A30 /* haveastroll.png */; };
		4B78FB0218FB190E00322A30 /* prison.png in Resources */ = {isa = PBXBuildFile; fileRef = 4B78FB0118FB190E00322A30 /* prison.png */; };
		4B78FB0618FB1B7F00322A30 /* filterActivity.png in Resources */ = {isa = PBXBuildFile; fileRef = 4B78FB0318FB1B7F00322A30 /* filterActivity.png */; };
		4B78FB0718FB1B7F00322A30 /* filterMoods.png in Resources */ = {isa = PBXBuildFile; fileRef = 4B78FB0418FB1B7F00322A30 /* filterMoods.png */; };
		4B78FB0818FB1B7F00322A30 /* filterProfiles.png in Resources */ = {isa = PBXBuildFile; fileRef = 4B78FB0518FB1B7F00322A30 /* filterProfiles.png */; };
		4B78FB0A18FB233A00322A30 /* mapHeader@2x.png in Resources */ = {isa = PBXBuildFile; fileRef = 4B78FB0918FB233A00322A30 /* mapHeader@2x.png */; };
		4B78FB0C18FB2E9600322A30 /* Temp_ProfilePhoto2.jpg in Resources */ = {isa = PBXBuildFile; fileRef = 4B78FB0B18FB2E9600322A30 /* Temp_ProfilePhoto2.jpg */; };
		4B78FB0F18FB367700322A30 /* separator.png in Resources */ = {isa = PBXBuildFile; fileRef = 4B78FB0E18FB367700322A30 /* separator.png */; };
		4B78FB2C18FB3EA000322A30 /* Temp_ParcGuell.png in Resources */ = {isa = PBXBuildFile; fileRef = 4B78FB2B18FB3EA000322A30 /* Temp_ParcGuell.png */; };
		4B82439918F9AD580097854D /* Temp_ProfilePhoto.png in Resources */ = {isa = PBXBuildFile; fileRef = 4B82439818F9AD580097854D /* Temp_ProfilePhoto.png */; };
		4B8243AC18F9B2200097854D /* libz.dylib in Frameworks */ = {isa = PBXBuildFile; fileRef = 4B8243AB18F9B2200097854D /* libz.dylib */; };
		4B8243AE18F9B22A0097854D /* AdSupport.framework in Frameworks */ = {isa = PBXBuildFile; fileRef = 4B8243AD18F9B22A0097854D /* AdSupport.framework */; };
		4B8243B018F9B2620097854D /* SystemConfiguration.framework in Frameworks */ = {isa = PBXBuildFile; fileRef = 4B8243AF18F9B2620097854D /* SystemConfiguration.framework */; };
		4B8243B218F9C4C60097854D /* MapKit.framework in Frameworks */ = {isa = PBXBuildFile; fileRef = 4B8243B118F9C4C60097854D /* MapKit.framework */; };
		4B8243D318FAA5550097854D /* CDLocation+Utils.m in Sources */ = {isa = PBXBuildFile; fileRef = 4B8243D218FAA5550097854D /* CDLocation+Utils.m */; };
		4BB7F58B18FB5F2600A68E86 /* CDArticle.m in Sources */ = {isa = PBXBuildFile; fileRef = 4BB7F58A18FB5F2600A68E86 /* CDArticle.m */; };
		4BB7F59018FB653C00A68E86 /* Temp_Barceloneta.jpg in Resources */ = {isa = PBXBuildFile; fileRef = 4BB7F58F18FB653C00A68E86 /* Temp_Barceloneta.jpg */; };
		4BC24ED918F946BF007FF792 /* AppDelegate.m in Sources */ = {isa = PBXBuildFile; fileRef = 4BC24ECD18F946BF007FF792 /* AppDelegate.m */; };
		4BC24EDA18F946BF007FF792 /* Images.xcassets in Resources */ = {isa = PBXBuildFile; fileRef = 4BC24ECF18F946BF007FF792 /* Images.xcassets */; };
		4BC24EDB18F946BF007FF792 /* BetaHack-Info.plist in Resources */ = {isa = PBXBuildFile; fileRef = 4BC24ED118F946BF007FF792 /* BetaHack-Info.plist */; };
		4BC24EDC18F946BF007FF792 /* InfoPlist.strings in Resources */ = {isa = PBXBuildFile; fileRef = 4BC24ED318F946BF007FF792 /* InfoPlist.strings */; };
		4BC24EDD18F946BF007FF792 /* main.m in Sources */ = {isa = PBXBuildFile; fileRef = 4BC24ED418F946BF007FF792 /* main.m */; };
		4BC24EDE18F946BF007FF792 /* Main.storyboard in Resources */ = {isa = PBXBuildFile; fileRef = 4BC24ED618F946BF007FF792 /* Main.storyboard */; };
		4BC24EDF18F946BF007FF792 /* ViewController.m in Sources */ = {isa = PBXBuildFile; fileRef = 4BC24ED818F946BF007FF792 /* ViewController.m */; };
		4BC24EE218F94B95007FF792 /* ArticleViewController.m in Sources */ = {isa = PBXBuildFile; fileRef = 4BC24EE118F94B95007FF792 /* ArticleViewController.m */; };
		4BC24EE518F951AB007FF792 /* ProfileViewController.m in Sources */ = {isa = PBXBuildFile; fileRef = 4BC24EE418F951AB007FF792 /* ProfileViewController.m */; };
		4BC24F0818F952F6007FF792 /* DomainEnums.m in Sources */ = {isa = PBXBuildFile; fileRef = 4BC24EE818F952F6007FF792 /* DomainEnums.m */; };
		4BC24F0918F952F6007FF792 /* DomainManager.m in Sources */ = {isa = PBXBuildFile; fileRef = 4BC24EEA18F952F6007FF792 /* DomainManager.m */; };
		4BC24F0F18F952F6007FF792 /* Model.xcdatamodeld in Sources */ = {isa = PBXBuildFile; fileRef = 4BC24EF618F952F6007FF792 /* Model.xcdatamodeld */; };
		4BC24F1218F952F6007FF792 /* CDArticle+Utils.m in Sources */ = {isa = PBXBuildFile; fileRef = 4BC24EFF18F952F6007FF792 /* CDArticle+Utils.m */; };
		4BC24F1618F952F6007FF792 /* Installation+Utils.m in Sources */ = {isa = PBXBuildFile; fileRef = 4BC24F0718F952F6007FF792 /* Installation+Utils.m */; };
		4BC24F4A18F95557007FF792 /* NSDate+Utils.m in Sources */ = {isa = PBXBuildFile; fileRef = 4BC24F4318F95557007FF792 /* NSDate+Utils.m */; };
		4BC24F4B18F95557007FF792 /* NSSorting.m in Sources */ = {isa = PBXBuildFile; fileRef = 4BC24F4418F95557007FF792 /* NSSorting.m */; };
		4BC24F4C18F95557007FF792 /* NSString+Utils.m in Sources */ = {isa = PBXBuildFile; fileRef = 4BC24F4518F95557007FF792 /* NSString+Utils.m */; };
		4BC24F4D18F95557007FF792 /* UIColor+Utils.m in Sources */ = {isa = PBXBuildFile; fileRef = 4BC24F4618F95557007FF792 /* UIColor+Utils.m */; };
		4BC24F4E18F95557007FF792 /* UIFont+Utils.m in Sources */ = {isa = PBXBuildFile; fileRef = 4BC24F4718F95557007FF792 /* UIFont+Utils.m */; };
		4BC24F4F18F95557007FF792 /* UILabel+Utils.m in Sources */ = {isa = PBXBuildFile; fileRef = 4BC24F4818F95557007FF792 /* UILabel+Utils.m */; };
		4BC24F5018F95557007FF792 /* UIView+Utils.m in Sources */ = {isa = PBXBuildFile; fileRef = 4BC24F4918F95557007FF792 /* UIView+Utils.m */; };
		4BC24F6218F955DC007FF792 /* CDProfile+Utils.m in Sources */ = {isa = PBXBuildFile; fileRef = 4BC24F6118F955DC007FF792 /* CDProfile+Utils.m */; };
		4BC24F6D18F95AAA007FF792 /* Temp_StaticMap.png in Resources */ = {isa = PBXBuildFile; fileRef = 4BC24F6C18F95AAA007FF792 /* Temp_StaticMap.png */; };
		4BC24F6F18F95B16007FF792 /* Temp_MapPin.png in Resources */ = {isa = PBXBuildFile; fileRef = 4BC24F6E18F95B16007FF792 /* Temp_MapPin.png */; };
		4BC24F7218F95BA9007FF792 /* MapViewController.m in Sources */ = {isa = PBXBuildFile; fileRef = 4BC24F7118F95BA9007FF792 /* MapViewController.m */; };
		4BC56CEA18FACC4E00B7DD7E /* Montserrat-Bold.ttf in Resources */ = {isa = PBXBuildFile; fileRef = 4BC56CE818FACC4E00B7DD7E /* Montserrat-Bold.ttf */; };
		4BC56CEB18FACC4E00B7DD7E /* Montserrat-Regular.ttf in Resources */ = {isa = PBXBuildFile; fileRef = 4BC56CE918FACC4E00B7DD7E /* Montserrat-Regular.ttf */; };
		4BC56CF318FAD3B700B7DD7E /* point_activities.png in Resources */ = {isa = PBXBuildFile; fileRef = 4BC56CED18FAD3B700B7DD7E /* point_activities.png */; };
		4BC56CF418FAD3B700B7DD7E /* point_moods.png in Resources */ = {isa = PBXBuildFile; fileRef = 4BC56CEE18FAD3B700B7DD7E /* point_moods.png */; };
		4BC56CF518FAD3B700B7DD7E /* point_profiles.png in Resources */ = {isa = PBXBuildFile; fileRef = 4BC56CEF18FAD3B700B7DD7E /* point_profiles.png */; };
		4BC56CF618FAD3B700B7DD7E /* point_select_activities.png in Resources */ = {isa = PBXBuildFile; fileRef = 4BC56CF018FAD3B700B7DD7E /* point_select_activities.png */; };
		4BC56CF718FAD3B700B7DD7E /* point_select_moods.png in Resources */ = {isa = PBXBuildFile; fileRef = 4BC56CF118FAD3B700B7DD7E /* point_select_moods.png */; };
		4BC56CF818FAD3B700B7DD7E /* point_select_profiles.png in Resources */ = {isa = PBXBuildFile; fileRef = 4BC56CF218FAD3B700B7DD7E /* point_select_profiles.png */; };
		4BC56CFB18FAD48100B7DD7E /* fromto.png in Resources */ = {isa = PBXBuildFile; fileRef = 4BC56CFA18FAD48100B7DD7E /* fromto.png */; };
		4BE2A32E18F93E8F00386607 /* Foundation.framework in Frameworks */ = {isa = PBXBuildFile; fileRef = 4BE2A32D18F93E8F00386607 /* Foundation.framework */; };
		4BE2A33018F93E8F00386607 /* CoreGraphics.framework in Frameworks */ = {isa = PBXBuildFile; fileRef = 4BE2A32F18F93E8F00386607 /* CoreGraphics.framework */; };
		4BE2A33218F93E8F00386607 /* UIKit.framework in Frameworks */ = {isa = PBXBuildFile; fileRef = 4BE2A33118F93E8F00386607 /* UIKit.framework */; };
		4BE2A34D18F93E8F00386607 /* XCTest.framework in Frameworks */ = {isa = PBXBuildFile; fileRef = 4BE2A34C18F93E8F00386607 /* XCTest.framework */; };
		4BE2A34E18F93E8F00386607 /* Foundation.framework in Frameworks */ = {isa = PBXBuildFile; fileRef = 4BE2A32D18F93E8F00386607 /* Foundation.framework */; };
		4BE2A34F18F93E8F00386607 /* UIKit.framework in Frameworks */ = {isa = PBXBuildFile; fileRef = 4BE2A33118F93E8F00386607 /* UIKit.framework */; };
		4BE2A35718F93E8F00386607 /* InfoPlist.strings in Resources */ = {isa = PBXBuildFile; fileRef = 4BE2A35518F93E8F00386607 /* InfoPlist.strings */; };
		4BE2A35918F93E8F00386607 /* BetaHackTests.m in Sources */ = {isa = PBXBuildFile; fileRef = 4BE2A35818F93E8F00386607 /* BetaHackTests.m */; };
		FAD5409421DE48A988C347D2 /* libPods.a in Frameworks */ = {isa = PBXBuildFile; fileRef = 24D0837A406B4972A8669783 /* libPods.a */; };
/* End PBXBuildFile section */

/* Begin PBXContainerItemProxy section */
		4BE2A35018F93E8F00386607 /* PBXContainerItemProxy */ = {
			isa = PBXContainerItemProxy;
			containerPortal = 4BE2A32218F93E8F00386607 /* Project object */;
			proxyType = 1;
			remoteGlobalIDString = 4BE2A32918F93E8F00386607;
			remoteInfo = BetaHack;
		};
/* End PBXContainerItemProxy section */

/* Begin PBXFileReference section */
		24D0837A406B4972A8669783 /* libPods.a */ = {isa = PBXFileReference; explicitFileType = archive.ar; includeInIndex = 0; path = libPods.a; sourceTree = BUILT_PRODUCTS_DIR; };
		4A6A031D66B9440CB0E0F0D6 /* Pods.xcconfig */ = {isa = PBXFileReference; includeInIndex = 1; lastKnownFileType = text.xcconfig; name = Pods.xcconfig; path = Pods/Pods.xcconfig; sourceTree = "<group>"; };
		4B35F69D18F98621005FDBB2 /* CDFilter+Utils.h */ = {isa = PBXFileReference; fileEncoding = 4; lastKnownFileType = sourcecode.c.h; path = "CDFilter+Utils.h"; sourceTree = "<group>"; };
		4B35F69E18F98621005FDBB2 /* CDFilter+Utils.m */ = {isa = PBXFileReference; fileEncoding = 4; lastKnownFileType = sourcecode.c.objc; path = "CDFilter+Utils.m"; sourceTree = "<group>"; };
		4B546B4618FB725F0091C821 /* fromto_hola_App_01.png */ = {isa = PBXFileReference; lastKnownFileType = image.png; path = fromto_hola_App_01.png; sourceTree = "<group>"; };
		4B546B4718FB725F0091C821 /* fromto_hola_App_02.png */ = {isa = PBXFileReference; lastKnownFileType = image.png; path = fromto_hola_App_02.png; sourceTree = "<group>"; };
		4B546B4818FB725F0091C821 /* fromto_hola_App_03.png */ = {isa = PBXFileReference; lastKnownFileType = image.png; path = fromto_hola_App_03.png; sourceTree = "<group>"; };
		4B546B4918FB725F0091C821 /* fromto_hola_App_04.png */ = {isa = PBXFileReference; lastKnownFileType = image.png; path = fromto_hola_App_04.png; sourceTree = "<group>"; };
		4B546B4A18FB725F0091C821 /* fromto_hola_App_05.png */ = {isa = PBXFileReference; lastKnownFileType = image.png; path = fromto_hola_App_05.png; sourceTree = "<group>"; };
		4B546B4B18FB725F0091C821 /* fromto_hola_App_06.png */ = {isa = PBXFileReference; lastKnownFileType = image.png; path = fromto_hola_App_06.png; sourceTree = "<group>"; };
		4B546B4C18FB725F0091C821 /* fromto_hola_App_07.png */ = {isa = PBXFileReference; lastKnownFileType = image.png; path = fromto_hola_App_07.png; sourceTree = "<group>"; };
		4B546B4D18FB725F0091C821 /* fromto_hola_App_08.png */ = {isa = PBXFileReference; lastKnownFileType = image.png; path = fromto_hola_App_08.png; sourceTree = "<group>"; };
		4B546B4E18FB725F0091C821 /* fromto_hola_App_09.png */ = {isa = PBXFileReference; lastKnownFileType = image.png; path = fromto_hola_App_09.png; sourceTree = "<group>"; };
		4B546B4F18FB725F0091C821 /* fromto_hola_App_10.png */ = {isa = PBXFileReference; lastKnownFileType = image.png; path = fromto_hola_App_10.png; sourceTree = "<group>"; };
		4B546B5018FB725F0091C821 /* fromto_hola_App_11.png */ = {isa = PBXFileReference; lastKnownFileType = image.png; path = fromto_hola_App_11.png; sourceTree = "<group>"; };
		4B546B5118FB725F0091C821 /* fromto_hola_App_12.png */ = {isa = PBXFileReference; lastKnownFileType = image.png; path = fromto_hola_App_12.png; sourceTree = "<group>"; };
		4B546B5218FB725F0091C821 /* fromto_hola_App_13.png */ = {isa = PBXFileReference; lastKnownFileType = image.png; path = fromto_hola_App_13.png; sourceTree = "<group>"; };
		4B546B5318FB725F0091C821 /* fromto_hola_App_14.png */ = {isa = PBXFileReference; lastKnownFileType = image.png; path = fromto_hola_App_14.png; sourceTree = "<group>"; };
		4B546B5418FB725F0091C821 /* fromto_hola_App_15.png */ = {isa = PBXFileReference; lastKnownFileType = image.png; path = fromto_hola_App_15.png; sourceTree = "<group>"; };
		4B546B5518FB725F0091C821 /* fromto_hola_App_16.png */ = {isa = PBXFileReference; lastKnownFileType = image.png; path = fromto_hola_App_16.png; sourceTree = "<group>"; };
		4B546B5618FB725F0091C821 /* fromto_hola_App_17.png */ = {isa = PBXFileReference; lastKnownFileType = image.png; path = fromto_hola_App_17.png; sourceTree = "<group>"; };
		4B546B5718FB725F0091C821 /* fromto_hola_App_18.png */ = {isa = PBXFileReference; lastKnownFileType = image.png; path = fromto_hola_App_18.png; sourceTree = "<group>"; };
		4B546B5818FB725F0091C821 /* fromto_hola_App_19.png */ = {isa = PBXFileReference; lastKnownFileType = image.png; path = fromto_hola_App_19.png; sourceTree = "<group>"; };
		4B546B5918FB725F0091C821 /* fromto_hola_App_20.png */ = {isa = PBXFileReference; lastKnownFileType = image.png; path = fromto_hola_App_20.png; sourceTree = "<group>"; };
		4B546B5A18FB725F0091C821 /* fromto_hola_App_21.png */ = {isa = PBXFileReference; lastKnownFileType = image.png; path = fromto_hola_App_21.png; sourceTree = "<group>"; };
		4B546B5B18FB725F0091C821 /* fromto_hola_App_22.png */ = {isa = PBXFileReference; lastKnownFileType = image.png; path = fromto_hola_App_22.png; sourceTree = "<group>"; };
		4B546B5C18FB725F0091C821 /* fromto_hola_App_23.png */ = {isa = PBXFileReference; lastKnownFileType = image.png; path = fromto_hola_App_23.png; sourceTree = "<group>"; };
		4B546B5D18FB725F0091C821 /* fromto_hola_App_00.png */ = {isa = PBXFileReference; lastKnownFileType = image.png; path = fromto_hola_App_00.png; sourceTree = "<group>"; };
		4B546B7818FB73CA0091C821 /* ILTranslucentView.h */ = {isa = PBXFileReference; fileEncoding = 4; lastKnownFileType = sourcecode.c.h; path = ILTranslucentView.h; sourceTree = "<group>"; };
		4B546B7918FB73CA0091C821 /* ILTranslucentView.m */ = {isa = PBXFileReference; fileEncoding = 4; lastKnownFileType = sourcecode.c.objc; path = ILTranslucentView.m; sourceTree = "<group>"; };
		4B546B7A18FB73CA0091C821 /* LICENSE */ = {isa = PBXFileReference; fileEncoding = 4; lastKnownFileType = text; path = LICENSE; sourceTree = "<group>"; };
		4B546B7B18FB73CA0091C821 /* README.md */ = {isa = PBXFileReference; fileEncoding = 4; lastKnownFileType = text; path = README.md; sourceTree = "<group>"; };
		4B546B7F18FB78940091C821 /* BackArrow.png */ = {isa = PBXFileReference; lastKnownFileType = image.png; path = BackArrow.png; sourceTree = "<group>"; };
		4B546B8118FB7A7A0091C821 /* fromtoSplash.png */ = {isa = PBXFileReference; lastKnownFileType = image.png; path = fromtoSplash.png; sourceTree = "<group>"; };
		4B546B9218FBFFDA0091C821 /* icon_app_120.png */ = {isa = PBXFileReference; lastKnownFileType = image.png; path = icon_app_120.png; sourceTree = "<group>"; };
		4B546B9318FBFFDA0091C821 /* icon_app_1024.png */ = {isa = PBXFileReference; lastKnownFileType = image.png; path = icon_app_1024.png; sourceTree = "<group>"; };
		4B546BC118FD15B10091C821 /* CDFilter.h */ = {isa = PBXFileReference; fileEncoding = 4; lastKnownFileType = sourcecode.c.h; path = CDFilter.h; sourceTree = "<group>"; };
		4B546BC218FD15B10091C821 /* CDFilter.m */ = {isa = PBXFileReference; fileEncoding = 4; lastKnownFileType = sourcecode.c.objc; path = CDFilter.m; sourceTree = "<group>"; };
		4B546BCD18FD20240091C821 /* Installation.h */ = {isa = PBXFileReference; fileEncoding = 4; lastKnownFileType = sourcecode.c.h; path = Installation.h; sourceTree = "<group>"; };
		4B546BCE18FD20240091C821 /* Installation.m */ = {isa = PBXFileReference; fileEncoding = 4; lastKnownFileType = sourcecode.c.objc; path = Installation.m; sourceTree = "<group>"; };
		4B546BDF18FD2B1C0091C821 /* CDLocation.h */ = {isa = PBXFileReference; fileEncoding = 4; lastKnownFileType = sourcecode.c.h; path = CDLocation.h; sourceTree = "<group>"; };
		4B546BE018FD2B1C0091C821 /* CDLocation.m */ = {isa = PBXFileReference; fileEncoding = 4; lastKnownFileType = sourcecode.c.objc; path = CDLocation.m; sourceTree = "<group>"; };
		4B546BE218FD2B1C0091C821 /* CDProfile.h */ = {isa = PBXFileReference; fileEncoding = 4; lastKnownFileType = sourcecode.c.h; path = CDProfile.h; sourceTree = "<group>"; };
		4B546BE318FD2B1C0091C821 /* CDProfile.m */ = {isa = PBXFileReference; fileEncoding = 4; lastKnownFileType = sourcecode.c.objc; path = CDProfile.m; sourceTree = "<group>"; };
		4B78FAD118FAE91500322A30 /* FilterViewController.h */ = {isa = PBXFileReference; fileEncoding = 4; lastKnownFileType = sourcecode.c.h; path = FilterViewController.h; sourceTree = "<group>"; };
		4B78FAD218FAE91500322A30 /* FilterViewController.m */ = {isa = PBXFileReference; fileEncoding = 4; lastKnownFileType = sourcecode.c.objc; path = FilterViewController.m; sourceTree = "<group>"; };
		4B78FAD518FAFE2300322A30 /* active.png */ = {isa = PBXFileReference; lastKnownFileType = image.png; path = active.png; sourceTree = "<group>"; };
		4B78FAD618FAFE2300322A30 /* Adventure.png */ = {isa = PBXFileReference; lastKnownFileType = image.png; path = Adventure.png; sourceTree = "<group>"; };
		4B78FAD818FAFE2300322A30 /* philosophical.png */ = {isa = PBXFileReference; lastKnownFileType = image.png; path = philosophical.png; sourceTree = "<group>"; };
		4B78FAD918FAFE2300322A30 /* Relaxed.png */ = {isa = PBXFileReference; lastKnownFileType = image.png; path = Relaxed.png; sourceTree = "<group>"; };
		4B78FADA18FAFE2300322A30 /* Romantic.png */ = {isa = PBXFileReference; lastKnownFileType = image.png; path = Romantic.png; sourceTree = "<group>"; };
		4B78FADB18FAFE2300322A30 /* sociable.png */ = {isa = PBXFileReference; lastKnownFileType = image.png; path = sociable.png; sourceTree = "<group>"; };
		4B78FADC18FAFE2300322A30 /* solitary.png */ = {isa = PBXFileReference; lastKnownFileType = image.png; path = solitary.png; sourceTree = "<group>"; };
		4B78FAED18FB130000322A30 /* alternative.png */ = {isa = PBXFileReference; lastKnownFileType = image.png; path = alternative.png; sourceTree = "<group>"; };
		4B78FAEE18FB130000322A30 /* culture.png */ = {isa = PBXFileReference; lastKnownFileType = image.png; path = culture.png; sourceTree = "<group>"; };
		4B78FAEF18FB130000322A30 /* food.png */ = {isa = PBXFileReference; lastKnownFileType = image.png; path = food.png; sourceTree = "<group>"; };
		4B78FAF018FB130000322A30 /* drinks.png */ = {isa = PBXFileReference; lastKnownFileType = image.png; path = drinks.png; sourceTree = "<group>"; };
		4B78FAF118FB130000322A30 /* healthylife.png */ = {isa = PBXFileReference; lastKnownFileType = image.png; path = healthylife.png; sourceTree = "<group>"; };
		4B78FAF218FB130000322A30 /* music.png */ = {isa = PBXFileReference; lastKnownFileType = image.png; path = music.png; sourceTree = "<group>"; };
		4B78FAF318FB130000322A30 /* shopping.png */ = {isa = PBXFileReference; lastKnownFileType = image.png; path = shopping.png; sourceTree = "<group>"; };
		4B78FAF418FB130000322A30 /* haveastroll.png */ = {isa = PBXFileReference; lastKnownFileType = image.png; path = haveastroll.png; sourceTree = "<group>"; };
		4B78FB0118FB190E00322A30 /* prison.png */ = {isa = PBXFileReference; lastKnownFileType = image.png; path = prison.png; sourceTree = "<group>"; };
		4B78FB0318FB1B7F00322A30 /* filterActivity.png */ = {isa = PBXFileReference; lastKnownFileType = image.png; path = filterActivity.png; sourceTree = "<group>"; };
		4B78FB0418FB1B7F00322A30 /* filterMoods.png */ = {isa = PBXFileReference; lastKnownFileType = image.png; path = filterMoods.png; sourceTree = "<group>"; };
		4B78FB0518FB1B7F00322A30 /* filterProfiles.png */ = {isa = PBXFileReference; lastKnownFileType = image.png; path = filterProfiles.png; sourceTree = "<group>"; };
		4B78FB0918FB233A00322A30 /* mapHeader@2x.png */ = {isa = PBXFileReference; lastKnownFileType = image.png; path = "mapHeader@2x.png"; sourceTree = "<group>"; };
		4B78FB0B18FB2E9600322A30 /* Temp_ProfilePhoto2.jpg */ = {isa = PBXFileReference; lastKnownFileType = image.jpeg; path = Temp_ProfilePhoto2.jpg; sourceTree = "<group>"; };
		4B78FB0E18FB367700322A30 /* separator.png */ = {isa = PBXFileReference; lastKnownFileType = image.png; path = separator.png; sourceTree = "<group>"; };
		4B78FB2B18FB3EA000322A30 /* Temp_ParcGuell.png */ = {isa = PBXFileReference; lastKnownFileType = image.png; path = Temp_ParcGuell.png; sourceTree = "<group>"; };
		4B82439818F9AD580097854D /* Temp_ProfilePhoto.png */ = {isa = PBXFileReference; lastKnownFileType = image.png; path = Temp_ProfilePhoto.png; sourceTree = "<group>"; };
		4B8243AB18F9B2200097854D /* libz.dylib */ = {isa = PBXFileReference; lastKnownFileType = "compiled.mach-o.dylib"; name = libz.dylib; path = usr/lib/libz.dylib; sourceTree = SDKROOT; };
		4B8243AD18F9B22A0097854D /* AdSupport.framework */ = {isa = PBXFileReference; lastKnownFileType = wrapper.framework; name = AdSupport.framework; path = System/Library/Frameworks/AdSupport.framework; sourceTree = SDKROOT; };
		4B8243AF18F9B2620097854D /* SystemConfiguration.framework */ = {isa = PBXFileReference; lastKnownFileType = wrapper.framework; name = SystemConfiguration.framework; path = System/Library/Frameworks/SystemConfiguration.framework; sourceTree = SDKROOT; };
		4B8243B118F9C4C60097854D /* MapKit.framework */ = {isa = PBXFileReference; lastKnownFileType = wrapper.framework; name = MapKit.framework; path = System/Library/Frameworks/MapKit.framework; sourceTree = SDKROOT; };
		4B8243D118FAA5550097854D /* CDLocation+Utils.h */ = {isa = PBXFileReference; fileEncoding = 4; lastKnownFileType = sourcecode.c.h; path = "CDLocation+Utils.h"; sourceTree = "<group>"; };
		4B8243D218FAA5550097854D /* CDLocation+Utils.m */ = {isa = PBXFileReference; fileEncoding = 4; lastKnownFileType = sourcecode.c.objc; path = "CDLocation+Utils.m"; sourceTree = "<group>"; };
		4BB7F58918FB5F2600A68E86 /* CDArticle.h */ = {isa = PBXFileReference; fileEncoding = 4; lastKnownFileType = sourcecode.c.h; path = CDArticle.h; sourceTree = "<group>"; };
		4BB7F58A18FB5F2600A68E86 /* CDArticle.m */ = {isa = PBXFileReference; fileEncoding = 4; lastKnownFileType = sourcecode.c.objc; path = CDArticle.m; sourceTree = "<group>"; };
		4BB7F58F18FB653C00A68E86 /* Temp_Barceloneta.jpg */ = {isa = PBXFileReference; lastKnownFileType = image.jpeg; path = Temp_Barceloneta.jpg; sourceTree = "<group>"; };
		4BC24ECC18F946BF007FF792 /* AppDelegate.h */ = {isa = PBXFileReference; fileEncoding = 4; lastKnownFileType = sourcecode.c.h; path = AppDelegate.h; sourceTree = "<group>"; };
		4BC24ECD18F946BF007FF792 /* AppDelegate.m */ = {isa = PBXFileReference; fileEncoding = 4; lastKnownFileType = sourcecode.c.objc; path = AppDelegate.m; sourceTree = "<group>"; };
		4BC24ECF18F946BF007FF792 /* Images.xcassets */ = {isa = PBXFileReference; lastKnownFileType = folder.assetcatalog; path = Images.xcassets; sourceTree = "<group>"; };
		4BC24ED118F946BF007FF792 /* BetaHack-Info.plist */ = {isa = PBXFileReference; fileEncoding = 4; lastKnownFileType = text.plist.xml; path = "BetaHack-Info.plist"; sourceTree = "<group>"; };
		4BC24ED218F946BF007FF792 /* BetaHack-Prefix.pch */ = {isa = PBXFileReference; fileEncoding = 4; lastKnownFileType = sourcecode.c.h; path = "BetaHack-Prefix.pch"; sourceTree = "<group>"; };
		4BC24ED318F946BF007FF792 /* InfoPlist.strings */ = {isa = PBXFileReference; fileEncoding = 4; lastKnownFileType = text.plist.strings; path = InfoPlist.strings; sourceTree = "<group>"; };
		4BC24ED418F946BF007FF792 /* main.m */ = {isa = PBXFileReference; fileEncoding = 4; lastKnownFileType = sourcecode.c.objc; path = main.m; sourceTree = "<group>"; };
		4BC24ED618F946BF007FF792 /* Main.storyboard */ = {isa = PBXFileReference; fileEncoding = 4; lastKnownFileType = file.storyboard; path = Main.storyboard; sourceTree = "<group>"; };
		4BC24ED718F946BF007FF792 /* ViewController.h */ = {isa = PBXFileReference; fileEncoding = 4; lastKnownFileType = sourcecode.c.h; path = ViewController.h; sourceTree = "<group>"; };
		4BC24ED818F946BF007FF792 /* ViewController.m */ = {isa = PBXFileReference; fileEncoding = 4; lastKnownFileType = sourcecode.c.objc; path = ViewController.m; sourceTree = "<group>"; };
		4BC24EE018F94B95007FF792 /* ArticleViewController.h */ = {isa = PBXFileReference; fileEncoding = 4; lastKnownFileType = sourcecode.c.h; path = ArticleViewController.h; sourceTree = "<group>"; };
		4BC24EE118F94B95007FF792 /* ArticleViewController.m */ = {isa = PBXFileReference; fileEncoding = 4; lastKnownFileType = sourcecode.c.objc; path = ArticleViewController.m; sourceTree = "<group>"; };
		4BC24EE318F951AB007FF792 /* ProfileViewController.h */ = {isa = PBXFileReference; fileEncoding = 4; lastKnownFileType = sourcecode.c.h; path = ProfileViewController.h; sourceTree = "<group>"; };
		4BC24EE418F951AB007FF792 /* ProfileViewController.m */ = {isa = PBXFileReference; fileEncoding = 4; lastKnownFileType = sourcecode.c.objc; path = ProfileViewController.m; sourceTree = "<group>"; };
		4BC24EE718F952F6007FF792 /* DomainEnums.h */ = {isa = PBXFileReference; fileEncoding = 4; lastKnownFileType = sourcecode.c.h; path = DomainEnums.h; sourceTree = "<group>"; };
		4BC24EE818F952F6007FF792 /* DomainEnums.m */ = {isa = PBXFileReference; fileEncoding = 4; lastKnownFileType = sourcecode.c.objc; path = DomainEnums.m; sourceTree = "<group>"; };
		4BC24EE918F952F6007FF792 /* DomainManager.h */ = {isa = PBXFileReference; fileEncoding = 4; lastKnownFileType = sourcecode.c.h; path = DomainManager.h; sourceTree = "<group>"; };
		4BC24EEA18F952F6007FF792 /* DomainManager.m */ = {isa = PBXFileReference; fileEncoding = 4; lastKnownFileType = sourcecode.c.objc; path = DomainManager.m; sourceTree = "<group>"; };
		4BC24EF718F952F6007FF792 /* Model.xcdatamodel */ = {isa = PBXFileReference; lastKnownFileType = wrapper.xcdatamodel; path = Model.xcdatamodel; sourceTree = "<group>"; };
		4BC24EFE18F952F6007FF792 /* CDArticle+Utils.h */ = {isa = PBXFileReference; fileEncoding = 4; lastKnownFileType = sourcecode.c.h; path = "CDArticle+Utils.h"; sourceTree = "<group>"; };
		4BC24EFF18F952F6007FF792 /* CDArticle+Utils.m */ = {isa = PBXFileReference; fileEncoding = 4; lastKnownFileType = sourcecode.c.objc; path = "CDArticle+Utils.m"; sourceTree = "<group>"; };
		4BC24F0618F952F6007FF792 /* Installation+Utils.h */ = {isa = PBXFileReference; fileEncoding = 4; lastKnownFileType = sourcecode.c.h; path = "Installation+Utils.h"; sourceTree = "<group>"; };
		4BC24F0718F952F6007FF792 /* Installation+Utils.m */ = {isa = PBXFileReference; fileEncoding = 4; lastKnownFileType = sourcecode.c.objc; path = "Installation+Utils.m"; sourceTree = "<group>"; };
		4BC24F3C18F95557007FF792 /* NSDate+Utils.h */ = {isa = PBXFileReference; fileEncoding = 4; lastKnownFileType = sourcecode.c.h; path = "NSDate+Utils.h"; sourceTree = "<group>"; };
		4BC24F3D18F95557007FF792 /* NSSorting.h */ = {isa = PBXFileReference; fileEncoding = 4; lastKnownFileType = sourcecode.c.h; path = NSSorting.h; sourceTree = "<group>"; };
		4BC24F3E18F95557007FF792 /* NSString+Utils.h */ = {isa = PBXFileReference; fileEncoding = 4; lastKnownFileType = sourcecode.c.h; path = "NSString+Utils.h"; sourceTree = "<group>"; };
		4BC24F3F18F95557007FF792 /* UIColor+Utils.h */ = {isa = PBXFileReference; fileEncoding = 4; lastKnownFileType = sourcecode.c.h; path = "UIColor+Utils.h"; sourceTree = "<group>"; };
		4BC24F4018F95557007FF792 /* UIFont+Utils.h */ = {isa = PBXFileReference; fileEncoding = 4; lastKnownFileType = sourcecode.c.h; path = "UIFont+Utils.h"; sourceTree = "<group>"; };
		4BC24F4118F95557007FF792 /* UILabel+Utils.h */ = {isa = PBXFileReference; fileEncoding = 4; lastKnownFileType = sourcecode.c.h; path = "UILabel+Utils.h"; sourceTree = "<group>"; };
		4BC24F4218F95557007FF792 /* UIView+Utils.h */ = {isa = PBXFileReference; fileEncoding = 4; lastKnownFileType = sourcecode.c.h; path = "UIView+Utils.h"; sourceTree = "<group>"; };
		4BC24F4318F95557007FF792 /* NSDate+Utils.m */ = {isa = PBXFileReference; fileEncoding = 4; lastKnownFileType = sourcecode.c.objc; path = "NSDate+Utils.m"; sourceTree = "<group>"; };
		4BC24F4418F95557007FF792 /* NSSorting.m */ = {isa = PBXFileReference; fileEncoding = 4; lastKnownFileType = sourcecode.c.objc; path = NSSorting.m; sourceTree = "<group>"; };
		4BC24F4518F95557007FF792 /* NSString+Utils.m */ = {isa = PBXFileReference; fileEncoding = 4; lastKnownFileType = sourcecode.c.objc; path = "NSString+Utils.m"; sourceTree = "<group>"; };
		4BC24F4618F95557007FF792 /* UIColor+Utils.m */ = {isa = PBXFileReference; fileEncoding = 4; lastKnownFileType = sourcecode.c.objc; path = "UIColor+Utils.m"; sourceTree = "<group>"; };
		4BC24F4718F95557007FF792 /* UIFont+Utils.m */ = {isa = PBXFileReference; fileEncoding = 4; lastKnownFileType = sourcecode.c.objc; path = "UIFont+Utils.m"; sourceTree = "<group>"; };
		4BC24F4818F95557007FF792 /* UILabel+Utils.m */ = {isa = PBXFileReference; fileEncoding = 4; lastKnownFileType = sourcecode.c.objc; path = "UILabel+Utils.m"; sourceTree = "<group>"; };
		4BC24F4918F95557007FF792 /* UIView+Utils.m */ = {isa = PBXFileReference; fileEncoding = 4; lastKnownFileType = sourcecode.c.objc; path = "UIView+Utils.m"; sourceTree = "<group>"; };
		4BC24F6018F955DC007FF792 /* CDProfile+Utils.h */ = {isa = PBXFileReference; fileEncoding = 4; lastKnownFileType = sourcecode.c.h; path = "CDProfile+Utils.h"; sourceTree = "<group>"; };
		4BC24F6118F955DC007FF792 /* CDProfile+Utils.m */ = {isa = PBXFileReference; fileEncoding = 4; lastKnownFileType = sourcecode.c.objc; path = "CDProfile+Utils.m"; sourceTree = "<group>"; };
		4BC24F6C18F95AAA007FF792 /* Temp_StaticMap.png */ = {isa = PBXFileReference; lastKnownFileType = image.png; path = Temp_StaticMap.png; sourceTree = "<group>"; };
		4BC24F6E18F95B16007FF792 /* Temp_MapPin.png */ = {isa = PBXFileReference; lastKnownFileType = image.png; path = Temp_MapPin.png; sourceTree = "<group>"; };
		4BC24F7018F95BA9007FF792 /* MapViewController.h */ = {isa = PBXFileReference; fileEncoding = 4; lastKnownFileType = sourcecode.c.h; path = MapViewController.h; sourceTree = "<group>"; };
		4BC24F7118F95BA9007FF792 /* MapViewController.m */ = {isa = PBXFileReference; fileEncoding = 4; lastKnownFileType = sourcecode.c.objc; path = MapViewController.m; sourceTree = "<group>"; };
		4BC56CE818FACC4E00B7DD7E /* Montserrat-Bold.ttf */ = {isa = PBXFileReference; lastKnownFileType = file; path = "Montserrat-Bold.ttf"; sourceTree = "<group>"; };
		4BC56CE918FACC4E00B7DD7E /* Montserrat-Regular.ttf */ = {isa = PBXFileReference; lastKnownFileType = file; path = "Montserrat-Regular.ttf"; sourceTree = "<group>"; };
		4BC56CED18FAD3B700B7DD7E /* point_activities.png */ = {isa = PBXFileReference; lastKnownFileType = image.png; path = point_activities.png; sourceTree = "<group>"; };
		4BC56CEE18FAD3B700B7DD7E /* point_moods.png */ = {isa = PBXFileReference; lastKnownFileType = image.png; path = point_moods.png; sourceTree = "<group>"; };
		4BC56CEF18FAD3B700B7DD7E /* point_profiles.png */ = {isa = PBXFileReference; lastKnownFileType = image.png; path = point_profiles.png; sourceTree = "<group>"; };
		4BC56CF018FAD3B700B7DD7E /* point_select_activities.png */ = {isa = PBXFileReference; lastKnownFileType = image.png; path = point_select_activities.png; sourceTree = "<group>"; };
		4BC56CF118FAD3B700B7DD7E /* point_select_moods.png */ = {isa = PBXFileReference; lastKnownFileType = image.png; path = point_select_moods.png; sourceTree = "<group>"; };
		4BC56CF218FAD3B700B7DD7E /* point_select_profiles.png */ = {isa = PBXFileReference; lastKnownFileType = image.png; path = point_select_profiles.png; sourceTree = "<group>"; };
		4BC56CFA18FAD48100B7DD7E /* fromto.png */ = {isa = PBXFileReference; lastKnownFileType = image.png; path = fromto.png; sourceTree = "<group>"; };
		4BE2A32A18F93E8F00386607 /* BetaHack.app */ = {isa = PBXFileReference; explicitFileType = wrapper.application; includeInIndex = 0; path = BetaHack.app; sourceTree = BUILT_PRODUCTS_DIR; };
		4BE2A32D18F93E8F00386607 /* Foundation.framework */ = {isa = PBXFileReference; lastKnownFileType = wrapper.framework; name = Foundation.framework; path = System/Library/Frameworks/Foundation.framework; sourceTree = SDKROOT; };
		4BE2A32F18F93E8F00386607 /* CoreGraphics.framework */ = {isa = PBXFileReference; lastKnownFileType = wrapper.framework; name = CoreGraphics.framework; path = System/Library/Frameworks/CoreGraphics.framework; sourceTree = SDKROOT; };
		4BE2A33118F93E8F00386607 /* UIKit.framework */ = {isa = PBXFileReference; lastKnownFileType = wrapper.framework; name = UIKit.framework; path = System/Library/Frameworks/UIKit.framework; sourceTree = SDKROOT; };
		4BE2A34B18F93E8F00386607 /* BetaHackTests.xctest */ = {isa = PBXFileReference; explicitFileType = wrapper.cfbundle; includeInIndex = 0; path = BetaHackTests.xctest; sourceTree = BUILT_PRODUCTS_DIR; };
		4BE2A34C18F93E8F00386607 /* XCTest.framework */ = {isa = PBXFileReference; lastKnownFileType = wrapper.framework; name = XCTest.framework; path = Library/Frameworks/XCTest.framework; sourceTree = DEVELOPER_DIR; };
		4BE2A35418F93E8F00386607 /* BetaHackTests-Info.plist */ = {isa = PBXFileReference; lastKnownFileType = text.plist.xml; path = "BetaHackTests-Info.plist"; sourceTree = "<group>"; };
		4BE2A35618F93E8F00386607 /* en */ = {isa = PBXFileReference; lastKnownFileType = text.plist.strings; name = en; path = en.lproj/InfoPlist.strings; sourceTree = "<group>"; };
		4BE2A35818F93E8F00386607 /* BetaHackTests.m */ = {isa = PBXFileReference; lastKnownFileType = sourcecode.c.objc; path = BetaHackTests.m; sourceTree = "<group>"; };
/* End PBXFileReference section */

/* Begin PBXFrameworksBuildPhase section */
		4BE2A32718F93E8F00386607 /* Frameworks */ = {
			isa = PBXFrameworksBuildPhase;
			buildActionMask = 2147483647;
			files = (
				4B8243B218F9C4C60097854D /* MapKit.framework in Frameworks */,
				4B8243B018F9B2620097854D /* SystemConfiguration.framework in Frameworks */,
				4B8243AE18F9B22A0097854D /* AdSupport.framework in Frameworks */,
				4B8243AC18F9B2200097854D /* libz.dylib in Frameworks */,
				4BE2A33018F93E8F00386607 /* CoreGraphics.framework in Frameworks */,
				4BE2A33218F93E8F00386607 /* UIKit.framework in Frameworks */,
				4BE2A32E18F93E8F00386607 /* Foundation.framework in Frameworks */,
				FAD5409421DE48A988C347D2 /* libPods.a in Frameworks */,
			);
			runOnlyForDeploymentPostprocessing = 0;
		};
		4BE2A34818F93E8F00386607 /* Frameworks */ = {
			isa = PBXFrameworksBuildPhase;
			buildActionMask = 2147483647;
			files = (
				4BE2A34D18F93E8F00386607 /* XCTest.framework in Frameworks */,
				4BE2A34F18F93E8F00386607 /* UIKit.framework in Frameworks */,
				4BE2A34E18F93E8F00386607 /* Foundation.framework in Frameworks */,
			);
			runOnlyForDeploymentPostprocessing = 0;
		};
/* End PBXFrameworksBuildPhase section */

/* Begin PBXGroup section */
		4B546B4518FB725F0091C821 /* Hello */ = {
			isa = PBXGroup;
			children = (
				4B546B5D18FB725F0091C821 /* fromto_hola_App_00.png */,
				4B546B4618FB725F0091C821 /* fromto_hola_App_01.png */,
				4B546B4718FB725F0091C821 /* fromto_hola_App_02.png */,
				4B546B4818FB725F0091C821 /* fromto_hola_App_03.png */,
				4B546B4918FB725F0091C821 /* fromto_hola_App_04.png */,
				4B546B4A18FB725F0091C821 /* fromto_hola_App_05.png */,
				4B546B4B18FB725F0091C821 /* fromto_hola_App_06.png */,
				4B546B4C18FB725F0091C821 /* fromto_hola_App_07.png */,
				4B546B4D18FB725F0091C821 /* fromto_hola_App_08.png */,
				4B546B4E18FB725F0091C821 /* fromto_hola_App_09.png */,
				4B546B4F18FB725F0091C821 /* fromto_hola_App_10.png */,
				4B546B5018FB725F0091C821 /* fromto_hola_App_11.png */,
				4B546B5118FB725F0091C821 /* fromto_hola_App_12.png */,
				4B546B5218FB725F0091C821 /* fromto_hola_App_13.png */,
				4B546B5318FB725F0091C821 /* fromto_hola_App_14.png */,
				4B546B5418FB725F0091C821 /* fromto_hola_App_15.png */,
				4B546B5518FB725F0091C821 /* fromto_hola_App_16.png */,
				4B546B5618FB725F0091C821 /* fromto_hola_App_17.png */,
				4B546B5718FB725F0091C821 /* fromto_hola_App_18.png */,
				4B546B5818FB725F0091C821 /* fromto_hola_App_19.png */,
				4B546B5918FB725F0091C821 /* fromto_hola_App_20.png */,
				4B546B5A18FB725F0091C821 /* fromto_hola_App_21.png */,
				4B546B5B18FB725F0091C821 /* fromto_hola_App_22.png */,
				4B546B5C18FB725F0091C821 /* fromto_hola_App_23.png */,
			);
			path = Hello;
			sourceTree = "<group>";
		};
		4B546B7618FB73CA0091C821 /* External Libraries */ = {
			isa = PBXGroup;
			children = (
				4B546B7718FB73CA0091C821 /* ILTranslucentView */,
			);
			path = "External Libraries";
			sourceTree = "<group>";
		};
		4B546B7718FB73CA0091C821 /* ILTranslucentView */ = {
			isa = PBXGroup;
			children = (
				4B546B7818FB73CA0091C821 /* ILTranslucentView.h */,
				4B546B7918FB73CA0091C821 /* ILTranslucentView.m */,
				4B546B7A18FB73CA0091C821 /* LICENSE */,
				4B546B7B18FB73CA0091C821 /* README.md */,
			);
			path = ILTranslucentView;
			sourceTree = "<group>";
		};
		4B78FAD418FAFE2300322A30 /* Categories */ = {
			isa = PBXGroup;
			children = (
				4B78FB0318FB1B7F00322A30 /* filterActivity.png */,
				4B78FB0418FB1B7F00322A30 /* filterMoods.png */,
				4B78FB0518FB1B7F00322A30 /* filterProfiles.png */,
				4B78FAED18FB130000322A30 /* alternative.png */,
				4B78FAEE18FB130000322A30 /* culture.png */,
				4B78FAEF18FB130000322A30 /* food.png */,
				4B78FAF018FB130000322A30 /* drinks.png */,
				4B78FAF118FB130000322A30 /* healthylife.png */,
				4B78FAF218FB130000322A30 /* music.png */,
				4B78FAF318FB130000322A30 /* shopping.png */,
				4B78FAF418FB130000322A30 /* haveastroll.png */,
				4B78FAD518FAFE2300322A30 /* active.png */,
				4B78FAD618FAFE2300322A30 /* Adventure.png */,
				4B78FAD818FAFE2300322A30 /* philosophical.png */,
				4B78FAD918FAFE2300322A30 /* Relaxed.png */,
				4B78FADA18FAFE2300322A30 /* Romantic.png */,
				4B78FADB18FAFE2300322A30 /* sociable.png */,
				4B78FB0118FB190E00322A30 /* prison.png */,
				4B78FADC18FAFE2300322A30 /* solitary.png */,
			);
			path = Categories;
			sourceTree = "<group>";
		};
		4B78FB0D18FB367700322A30 /* Article */ = {
			isa = PBXGroup;
			children = (
				4B78FB0E18FB367700322A30 /* separator.png */,
			);
			path = Article;
			sourceTree = "<group>";
		};
		4BC24ECB18F946BF007FF792 /* App Delegate */ = {
			isa = PBXGroup;
			children = (
				4BC24ECC18F946BF007FF792 /* AppDelegate.h */,
				4BC24ECD18F946BF007FF792 /* AppDelegate.m */,
			);
			path = "App Delegate";
			sourceTree = "<group>";
		};
		4BC24ECE18F946BF007FF792 /* Assets */ = {
			isa = PBXGroup;
			children = (
				4BB7F58F18FB653C00A68E86 /* Temp_Barceloneta.jpg */,
				4B546B7F18FB78940091C821 /* BackArrow.png */,
				4B546B8118FB7A7A0091C821 /* fromtoSplash.png */,
				4B78FB0918FB233A00322A30 /* mapHeader@2x.png */,
				4B546B4518FB725F0091C821 /* Hello */,
				4B78FB0D18FB367700322A30 /* Article */,
				4B78FAD418FAFE2300322A30 /* Categories */,
				4BC56CF918FAD48100B7DD7E /* Logo */,
				4BC56CEC18FAD3B700B7DD7E /* Map Points */,
				4BC56CE718FACC4E00B7DD7E /* Fonts */,
				4BC24F6C18F95AAA007FF792 /* Temp_StaticMap.png */,
				4BC24F6E18F95B16007FF792 /* Temp_MapPin.png */,
				4B82439818F9AD580097854D /* Temp_ProfilePhoto.png */,
				4B78FB0B18FB2E9600322A30 /* Temp_ProfilePhoto2.jpg */,
				4B78FB2B18FB3EA000322A30 /* Temp_ParcGuell.png */,
				4BC24ECF18F946BF007FF792 /* Images.xcassets */,
			);
			path = Assets;
			sourceTree = "<group>";
		};
		4BC24ED018F946BF007FF792 /* Project Config */ = {
			isa = PBXGroup;
			children = (
				4BC24ED118F946BF007FF792 /* BetaHack-Info.plist */,
				4BC24ED218F946BF007FF792 /* BetaHack-Prefix.pch */,
				4BC24ED318F946BF007FF792 /* InfoPlist.strings */,
				4BC24ED418F946BF007FF792 /* main.m */,
			);
			path = "Project Config";
			sourceTree = "<group>";
		};
		4BC24ED518F946BF007FF792 /* Views */ = {
			isa = PBXGroup;
			children = (
				4BC24ED618F946BF007FF792 /* Main.storyboard */,
				4BC24ED718F946BF007FF792 /* ViewController.h */,
				4BC24ED818F946BF007FF792 /* ViewController.m */,
				4BC24F7018F95BA9007FF792 /* MapViewController.h */,
				4BC24F7118F95BA9007FF792 /* MapViewController.m */,
				4B78FAD118FAE91500322A30 /* FilterViewController.h */,
				4B78FAD218FAE91500322A30 /* FilterViewController.m */,
				4BC24EE018F94B95007FF792 /* ArticleViewController.h */,
				4BC24EE118F94B95007FF792 /* ArticleViewController.m */,
				4BC24EE318F951AB007FF792 /* ProfileViewController.h */,
				4BC24EE418F951AB007FF792 /* ProfileViewController.m */,
			);
			path = Views;
			sourceTree = "<group>";
		};
		4BC24EE618F952F6007FF792 /* Core Data */ = {
			isa = PBXGroup;
			children = (
				4BC24EE718F952F6007FF792 /* DomainEnums.h */,
				4BC24EE818F952F6007FF792 /* DomainEnums.m */,
				4BC24EE918F952F6007FF792 /* DomainManager.h */,
				4BC24EEA18F952F6007FF792 /* DomainManager.m */,
				4BC24EEB18F952F6007FF792 /* Model */,
				4BC24EFD18F952F6007FF792 /* Utils */,
			);
			path = "Core Data";
			sourceTree = "<group>";
		};
		4BC24EEB18F952F6007FF792 /* Model */ = {
			isa = PBXGroup;
			children = (
				4BC24EF618F952F6007FF792 /* Model.xcdatamodeld */,
				4B546BDF18FD2B1C0091C821 /* CDLocation.h */,
				4B546BE018FD2B1C0091C821 /* CDLocation.m */,
				4B546BE218FD2B1C0091C821 /* CDProfile.h */,
				4B546BE318FD2B1C0091C821 /* CDProfile.m */,
				4B546BCD18FD20240091C821 /* Installation.h */,
				4B546BCE18FD20240091C821 /* Installation.m */,
				4B546BC118FD15B10091C821 /* CDFilter.h */,
				4B546BC218FD15B10091C821 /* CDFilter.m */,
				4BB7F58918FB5F2600A68E86 /* CDArticle.h */,
				4BB7F58A18FB5F2600A68E86 /* CDArticle.m */,
			);
			path = Model;
			sourceTree = "<group>";
		};
		4BC24EFD18F952F6007FF792 /* Utils */ = {
			isa = PBXGroup;
			children = (
				4BC24EFE18F952F6007FF792 /* CDArticle+Utils.h */,
				4BC24EFF18F952F6007FF792 /* CDArticle+Utils.m */,
				4B35F69D18F98621005FDBB2 /* CDFilter+Utils.h */,
				4B35F69E18F98621005FDBB2 /* CDFilter+Utils.m */,
				4BC24F6018F955DC007FF792 /* CDProfile+Utils.h */,
				4BC24F6118F955DC007FF792 /* CDProfile+Utils.m */,
				4BC24F0618F952F6007FF792 /* Installation+Utils.h */,
				4BC24F0718F952F6007FF792 /* Installation+Utils.m */,
				4B8243D118FAA5550097854D /* CDLocation+Utils.h */,
				4B8243D218FAA5550097854D /* CDLocation+Utils.m */,
			);
			path = Utils;
			sourceTree = "<group>";
		};
		4BC24F2318F954CF007FF792 /* Class Utils */ = {
			isa = PBXGroup;
			children = (
				4BC24F3C18F95557007FF792 /* NSDate+Utils.h */,
				4BC24F3D18F95557007FF792 /* NSSorting.h */,
				4BC24F3E18F95557007FF792 /* NSString+Utils.h */,
				4BC24F3F18F95557007FF792 /* UIColor+Utils.h */,
				4BC24F4018F95557007FF792 /* UIFont+Utils.h */,
				4BC24F4718F95557007FF792 /* UIFont+Utils.m */,
				4BC24F4118F95557007FF792 /* UILabel+Utils.h */,
				4BC24F4218F95557007FF792 /* UIView+Utils.h */,
				4BC24F4918F95557007FF792 /* UIView+Utils.m */,
				4BC24F4318F95557007FF792 /* NSDate+Utils.m */,
				4BC24F4418F95557007FF792 /* NSSorting.m */,
				4BC24F4518F95557007FF792 /* NSString+Utils.m */,
				4BC24F4618F95557007FF792 /* UIColor+Utils.m */,
				4BC24F4818F95557007FF792 /* UILabel+Utils.m */,
			);
			path = "Class Utils";
			sourceTree = "<group>";
		};
		4BC56CE718FACC4E00B7DD7E /* Fonts */ = {
			isa = PBXGroup;
			children = (
				4BC56CE818FACC4E00B7DD7E /* Montserrat-Bold.ttf */,
				4BC56CE918FACC4E00B7DD7E /* Montserrat-Regular.ttf */,
			);
			path = Fonts;
			sourceTree = "<group>";
		};
		4BC56CEC18FAD3B700B7DD7E /* Map Points */ = {
			isa = PBXGroup;
			children = (
				4BC56CED18FAD3B700B7DD7E /* point_activities.png */,
				4BC56CEE18FAD3B700B7DD7E /* point_moods.png */,
				4BC56CEF18FAD3B700B7DD7E /* point_profiles.png */,
				4BC56CF018FAD3B700B7DD7E /* point_select_activities.png */,
				4BC56CF118FAD3B700B7DD7E /* point_select_moods.png */,
				4BC56CF218FAD3B700B7DD7E /* point_select_profiles.png */,
			);
			path = "Map Points";
			sourceTree = "<group>";
		};
		4BC56CF918FAD48100B7DD7E /* Logo */ = {
			isa = PBXGroup;
			children = (
				4BC56CFA18FAD48100B7DD7E /* fromto.png */,
				4B546B9218FBFFDA0091C821 /* icon_app_120.png */,
				4B546B9318FBFFDA0091C821 /* icon_app_1024.png */,
			);
			path = Logo;
			sourceTree = "<group>";
		};
		4BE2A32118F93E8F00386607 = {
			isa = PBXGroup;
			children = (
				4BE2A33318F93E8F00386607 /* BetaHack */,
				4BE2A35218F93E8F00386607 /* BetaHackTests */,
				4BE2A32C18F93E8F00386607 /* Frameworks */,
				4BE2A32B18F93E8F00386607 /* Products */,
				4A6A031D66B9440CB0E0F0D6 /* Pods.xcconfig */,
			);
			sourceTree = "<group>";
		};
		4BE2A32B18F93E8F00386607 /* Products */ = {
			isa = PBXGroup;
			children = (
				4BE2A32A18F93E8F00386607 /* BetaHack.app */,
				4BE2A34B18F93E8F00386607 /* BetaHackTests.xctest */,
			);
			name = Products;
			sourceTree = "<group>";
		};
		4BE2A32C18F93E8F00386607 /* Frameworks */ = {
			isa = PBXGroup;
			children = (
				4B8243B118F9C4C60097854D /* MapKit.framework */,
				4B8243AF18F9B2620097854D /* SystemConfiguration.framework */,
				4B8243AD18F9B22A0097854D /* AdSupport.framework */,
				4B8243AB18F9B2200097854D /* libz.dylib */,
				4BE2A32D18F93E8F00386607 /* Foundation.framework */,
				4BE2A32F18F93E8F00386607 /* CoreGraphics.framework */,
				4BE2A33118F93E8F00386607 /* UIKit.framework */,
				4BE2A34C18F93E8F00386607 /* XCTest.framework */,
				24D0837A406B4972A8669783 /* libPods.a */,
			);
			name = Frameworks;
			sourceTree = "<group>";
		};
		4BE2A33318F93E8F00386607 /* BetaHack */ = {
			isa = PBXGroup;
			children = (
				4BC24ECB18F946BF007FF792 /* App Delegate */,
				4B546B7618FB73CA0091C821 /* External Libraries */,
				4BC24ECE18F946BF007FF792 /* Assets */,
				4BC24F2318F954CF007FF792 /* Class Utils */,
				4BC24EE618F952F6007FF792 /* Core Data */,
				4BC24ED018F946BF007FF792 /* Project Config */,
				4BC24ED518F946BF007FF792 /* Views */,
			);
			path = BetaHack;
			sourceTree = "<group>";
		};
		4BE2A35218F93E8F00386607 /* BetaHackTests */ = {
			isa = PBXGroup;
			children = (
				4BE2A35818F93E8F00386607 /* BetaHackTests.m */,
				4BE2A35318F93E8F00386607 /* Supporting Files */,
			);
			path = BetaHackTests;
			sourceTree = "<group>";
		};
		4BE2A35318F93E8F00386607 /* Supporting Files */ = {
			isa = PBXGroup;
			children = (
				4BE2A35418F93E8F00386607 /* BetaHackTests-Info.plist */,
				4BE2A35518F93E8F00386607 /* InfoPlist.strings */,
			);
			name = "Supporting Files";
			sourceTree = "<group>";
		};
/* End PBXGroup section */

/* Begin PBXNativeTarget section */
		4BE2A32918F93E8F00386607 /* BetaHack */ = {
			isa = PBXNativeTarget;
			buildConfigurationList = 4BE2A35C18F93E8F00386607 /* Build configuration list for PBXNativeTarget "BetaHack" */;
			buildPhases = (
				6C8DA654C8014194A7E548D6 /* Check Pods Manifest.lock */,
				4BE2A32618F93E8F00386607 /* Sources */,
				4BE2A32718F93E8F00386607 /* Frameworks */,
				4BE2A32818F93E8F00386607 /* Resources */,
				36B2CD2DED744687855CA421 /* Copy Pods Resources */,
			);
			buildRules = (
			);
			dependencies = (
			);
			name = BetaHack;
			productName = BetaHack;
			productReference = 4BE2A32A18F93E8F00386607 /* BetaHack.app */;
			productType = "com.apple.product-type.application";
		};
		4BE2A34A18F93E8F00386607 /* BetaHackTests */ = {
			isa = PBXNativeTarget;
			buildConfigurationList = 4BE2A35F18F93E8F00386607 /* Build configuration list for PBXNativeTarget "BetaHackTests" */;
			buildPhases = (
				4BE2A34718F93E8F00386607 /* Sources */,
				4BE2A34818F93E8F00386607 /* Frameworks */,
				4BE2A34918F93E8F00386607 /* Resources */,
			);
			buildRules = (
			);
			dependencies = (
				4BE2A35118F93E8F00386607 /* PBXTargetDependency */,
			);
			name = BetaHackTests;
			productName = BetaHackTests;
			productReference = 4BE2A34B18F93E8F00386607 /* BetaHackTests.xctest */;
			productType = "com.apple.product-type.bundle.unit-test";
		};
/* End PBXNativeTarget section */

/* Begin PBXProject section */
		4BE2A32218F93E8F00386607 /* Project object */ = {
			isa = PBXProject;
			attributes = {
				LastUpgradeCheck = 0510;
				ORGANIZATIONNAME = Betahackers;
				TargetAttributes = {
					4BE2A32918F93E8F00386607 = {
						DevelopmentTeam = Y8YQK72M2R;
					};
					4BE2A34A18F93E8F00386607 = {
						TestTargetID = 4BE2A32918F93E8F00386607;
					};
				};
			};
			buildConfigurationList = 4BE2A32518F93E8F00386607 /* Build configuration list for PBXProject "BetaHack" */;
			compatibilityVersion = "Xcode 3.2";
			developmentRegion = English;
			hasScannedForEncodings = 0;
			knownRegions = (
				en,
				Base,
			);
			mainGroup = 4BE2A32118F93E8F00386607;
			productRefGroup = 4BE2A32B18F93E8F00386607 /* Products */;
			projectDirPath = "";
			projectRoot = "";
			targets = (
				4BE2A32918F93E8F00386607 /* BetaHack */,
				4BE2A34A18F93E8F00386607 /* BetaHackTests */,
			);
		};
/* End PBXProject section */

/* Begin PBXResourcesBuildPhase section */
		4BE2A32818F93E8F00386607 /* Resources */ = {
			isa = PBXResourcesBuildPhase;
			buildActionMask = 2147483647;
			files = (
				4B546B6218FB725F0091C821 /* fromto_hola_App_05.png in Resources */,
				4B546B8218FB7A7A0091C821 /* fromtoSplash.png in Resources */,
				4B78FAE218FAFE2300322A30 /* Romantic.png in Resources */,
				4B78FB2C18FB3EA000322A30 /* Temp_ParcGuell.png in Resources */,
				4B78FAF718FB130000322A30 /* food.png in Resources */,
				4BC56CF418FAD3B700B7DD7E /* point_moods.png in Resources */,
				4B546B6C18FB725F0091C821 /* fromto_hola_App_15.png in Resources */,
				4B546B9518FBFFDA0091C821 /* icon_app_1024.png in Resources */,
				4B546B6418FB725F0091C821 /* fromto_hola_App_07.png in Resources */,
				4B546B7018FB725F0091C821 /* fromto_hola_App_19.png in Resources */,
				4B78FAFB18FB130000322A30 /* shopping.png in Resources */,
				4BC56CF618FAD3B700B7DD7E /* point_select_activities.png in Resources */,
				4B546B5F18FB725F0091C821 /* fromto_hola_App_02.png in Resources */,
				4B78FAF818FB130000322A30 /* drinks.png in Resources */,
				4B78FAFC18FB130000322A30 /* haveastroll.png in Resources */,
				4B78FB0C18FB2E9600322A30 /* Temp_ProfilePhoto2.jpg in Resources */,
				4B82439918F9AD580097854D /* Temp_ProfilePhoto.png in Resources */,
				4BC24EDA18F946BF007FF792 /* Images.xcassets in Resources */,
				4B546B8018FB78940091C821 /* BackArrow.png in Resources */,
				4BC56CFB18FAD48100B7DD7E /* fromto.png in Resources */,
				4B78FAFA18FB130000322A30 /* music.png in Resources */,
				4B546B6F18FB725F0091C821 /* fromto_hola_App_18.png in Resources */,
				4BC24EDC18F946BF007FF792 /* InfoPlist.strings in Resources */,
				4B78FB0F18FB367700322A30 /* separator.png in Resources */,
				4BC24F6F18F95B16007FF792 /* Temp_MapPin.png in Resources */,
				4BB7F59018FB653C00A68E86 /* Temp_Barceloneta.jpg in Resources */,
				4B546B6118FB725F0091C821 /* fromto_hola_App_04.png in Resources */,
				4B546B7118FB725F0091C821 /* fromto_hola_App_20.png in Resources */,
				4BC24EDB18F946BF007FF792 /* BetaHack-Info.plist in Resources */,
				4B78FAF918FB130000322A30 /* healthylife.png in Resources */,
				4B78FB0A18FB233A00322A30 /* mapHeader@2x.png in Resources */,
				4B546B6D18FB725F0091C821 /* fromto_hola_App_16.png in Resources */,
				4B78FAE318FAFE2300322A30 /* sociable.png in Resources */,
				4B546B6718FB725F0091C821 /* fromto_hola_App_10.png in Resources */,
				4B78FB0818FB1B7F00322A30 /* filterProfiles.png in Resources */,
				4B78FADE18FAFE2300322A30 /* Adventure.png in Resources */,
				4B78FB0618FB1B7F00322A30 /* filterActivity.png in Resources */,
				4B546B6B18FB725F0091C821 /* fromto_hola_App_14.png in Resources */,
				4BC56CF318FAD3B700B7DD7E /* point_activities.png in Resources */,
				4BC56CEA18FACC4E00B7DD7E /* Montserrat-Bold.ttf in Resources */,
				4BC56CF818FAD3B700B7DD7E /* point_select_profiles.png in Resources */,
				4B546B6A18FB725F0091C821 /* fromto_hola_App_13.png in Resources */,
				4B546B6018FB725F0091C821 /* fromto_hola_App_03.png in Resources */,
				4B546B7518FB725F0091C821 /* fromto_hola_App_00.png in Resources */,
				4B78FAF518FB130000322A30 /* alternative.png in Resources */,
				4B546B7E18FB73CA0091C821 /* README.md in Resources */,
				4BC24F6D18F95AAA007FF792 /* Temp_StaticMap.png in Resources */,
				4B546B7418FB725F0091C821 /* fromto_hola_App_23.png in Resources */,
				4B546B6618FB725F0091C821 /* fromto_hola_App_09.png in Resources */,
				4BC56CEB18FACC4E00B7DD7E /* Montserrat-Regular.ttf in Resources */,
				4B546B7318FB725F0091C821 /* fromto_hola_App_22.png in Resources */,
				4B546B6318FB725F0091C821 /* fromto_hola_App_06.png in Resources */,
				4B78FB0718FB1B7F00322A30 /* filterMoods.png in Resources */,
				4B78FADD18FAFE2300322A30 /* active.png in Resources */,
				4B78FB0218FB190E00322A30 /* prison.png in Resources */,
				4B78FAE018FAFE2300322A30 /* philosophical.png in Resources */,
				4BC56CF518FAD3B700B7DD7E /* point_profiles.png in Resources */,
				4BC24EDE18F946BF007FF792 /* Main.storyboard in Resources */,
				4B546B7D18FB73CA0091C821 /* LICENSE in Resources */,
				4B546B6518FB725F0091C821 /* fromto_hola_App_08.png in Resources */,
				4B78FAE118FAFE2300322A30 /* Relaxed.png in Resources */,
				4B546B7218FB725F0091C821 /* fromto_hola_App_21.png in Resources */,
				4B546B9418FBFFDA0091C821 /* icon_app_120.png in Resources */,
				4B546B6E18FB725F0091C821 /* fromto_hola_App_17.png in Resources */,
				4B78FAE418FAFE2300322A30 /* solitary.png in Resources */,
				4B78FAF618FB130000322A30 /* culture.png in Resources */,
				4B546B5E18FB725F0091C821 /* fromto_hola_App_01.png in Resources */,
				4B546B6918FB725F0091C821 /* fromto_hola_App_12.png in Resources */,
				4BC56CF718FAD3B700B7DD7E /* point_select_moods.png in Resources */,
				4B546B6818FB725F0091C821 /* fromto_hola_App_11.png in Resources */,
			);
			runOnlyForDeploymentPostprocessing = 0;
		};
		4BE2A34918F93E8F00386607 /* Resources */ = {
			isa = PBXResourcesBuildPhase;
			buildActionMask = 2147483647;
			files = (
				4BE2A35718F93E8F00386607 /* InfoPlist.strings in Resources */,
			);
			runOnlyForDeploymentPostprocessing = 0;
		};
/* End PBXResourcesBuildPhase section */

/* Begin PBXShellScriptBuildPhase section */
		36B2CD2DED744687855CA421 /* Copy Pods Resources */ = {
			isa = PBXShellScriptBuildPhase;
			buildActionMask = 2147483647;
			files = (
			);
			inputPaths = (
			);
			name = "Copy Pods Resources";
			outputPaths = (
			);
			runOnlyForDeploymentPostprocessing = 0;
			shellPath = /bin/sh;
			shellScript = "\"${SRCROOT}/Pods/Pods-resources.sh\"\n";
			showEnvVarsInLog = 0;
		};
		6C8DA654C8014194A7E548D6 /* Check Pods Manifest.lock */ = {
			isa = PBXShellScriptBuildPhase;
			buildActionMask = 2147483647;
			files = (
			);
			inputPaths = (
			);
			name = "Check Pods Manifest.lock";
			outputPaths = (
			);
			runOnlyForDeploymentPostprocessing = 0;
			shellPath = /bin/sh;
			shellScript = "diff \"${PODS_ROOT}/../Podfile.lock\" \"${PODS_ROOT}/Manifest.lock\" > /dev/null\nif [[ $? != 0 ]] ; then\n    cat << EOM\nerror: The sandbox is not in sync with the Podfile.lock. Run 'pod install' or update your CocoaPods installation.\nEOM\n    exit 1\nfi\n";
			showEnvVarsInLog = 0;
		};
/* End PBXShellScriptBuildPhase section */

/* Begin PBXSourcesBuildPhase section */
		4BE2A32618F93E8F00386607 /* Sources */ = {
			isa = PBXSourcesBuildPhase;
			buildActionMask = 2147483647;
			files = (
				4BC24F4F18F95557007FF792 /* UILabel+Utils.m in Sources */,
				4BC24F0818F952F6007FF792 /* DomainEnums.m in Sources */,
				4BC24F4B18F95557007FF792 /* NSSorting.m in Sources */,
				4BC24F0918F952F6007FF792 /* DomainManager.m in Sources */,
				4BC24F4D18F95557007FF792 /* UIColor+Utils.m in Sources */,
				4BC24EDF18F946BF007FF792 /* ViewController.m in Sources */,
				4BC24EE218F94B95007FF792 /* ArticleViewController.m in Sources */,
				4BC24F4E18F95557007FF792 /* UIFont+Utils.m in Sources */,
				4BC24EDD18F946BF007FF792 /* main.m in Sources */,
				4BC24F4A18F95557007FF792 /* NSDate+Utils.m in Sources */,
				4BC24F4C18F95557007FF792 /* NSString+Utils.m in Sources */,
				4B546BCF18FD20240091C821 /* Installation.m in Sources */,
				4B35F69F18F98621005FDBB2 /* CDFilter+Utils.m in Sources */,
				4BC24F1218F952F6007FF792 /* CDArticle+Utils.m in Sources */,
				4BC24F6218F955DC007FF792 /* CDProfile+Utils.m in Sources */,
				4B78FAD318FAE91500322A30 /* FilterViewController.m in Sources */,
				4BC24ED918F946BF007FF792 /* AppDelegate.m in Sources */,
				4BC24EE518F951AB007FF792 /* ProfileViewController.m in Sources */,
				4BC24F5018F95557007FF792 /* UIView+Utils.m in Sources */,
				4B546B7C18FB73CA0091C821 /* ILTranslucentView.m in Sources */,
				4BC24F0F18F952F6007FF792 /* Model.xcdatamodeld in Sources */,
				4B546BC318FD15B10091C821 /* CDFilter.m in Sources */,
				4BC24F1618F952F6007FF792 /* Installation+Utils.m in Sources */,
				4B8243D318FAA5550097854D /* CDLocation+Utils.m in Sources */,
				4BC24F7218F95BA9007FF792 /* MapViewController.m in Sources */,
				4BB7F58B18FB5F2600A68E86 /* CDArticle.m in Sources */,
				4B546BE418FD2B1C0091C821 /* CDProfile.m in Sources */,
				4B546BE118FD2B1C0091C821 /* CDLocation.m in Sources */,
			);
			runOnlyForDeploymentPostprocessing = 0;
		};
		4BE2A34718F93E8F00386607 /* Sources */ = {
			isa = PBXSourcesBuildPhase;
			buildActionMask = 2147483647;
			files = (
				4BE2A35918F93E8F00386607 /* BetaHackTests.m in Sources */,
			);
			runOnlyForDeploymentPostprocessing = 0;
		};
/* End PBXSourcesBuildPhase section */

/* Begin PBXTargetDependency section */
		4BE2A35118F93E8F00386607 /* PBXTargetDependency */ = {
			isa = PBXTargetDependency;
			target = 4BE2A32918F93E8F00386607 /* BetaHack */;
			targetProxy = 4BE2A35018F93E8F00386607 /* PBXContainerItemProxy */;
		};
/* End PBXTargetDependency section */

/* Begin PBXVariantGroup section */
		4BE2A35518F93E8F00386607 /* InfoPlist.strings */ = {
			isa = PBXVariantGroup;
			children = (
				4BE2A35618F93E8F00386607 /* en */,
			);
			name = InfoPlist.strings;
			sourceTree = "<group>";
		};
/* End PBXVariantGroup section */

/* Begin XCBuildConfiguration section */
		4BE2A35A18F93E8F00386607 /* Debug */ = {
			isa = XCBuildConfiguration;
			buildSettings = {
				ALWAYS_SEARCH_USER_PATHS = NO;
				CLANG_CXX_LANGUAGE_STANDARD = "gnu++0x";
				CLANG_CXX_LIBRARY = "libc++";
				CLANG_ENABLE_MODULES = YES;
				CLANG_ENABLE_OBJC_ARC = YES;
				CLANG_WARN_BOOL_CONVERSION = YES;
				CLANG_WARN_CONSTANT_CONVERSION = YES;
				CLANG_WARN_DIRECT_OBJC_ISA_USAGE = YES_ERROR;
				CLANG_WARN_EMPTY_BODY = YES;
				CLANG_WARN_ENUM_CONVERSION = YES;
				CLANG_WARN_INT_CONVERSION = YES;
				CLANG_WARN_OBJC_ROOT_CLASS = YES_ERROR;
				CLANG_WARN__DUPLICATE_METHOD_MATCH = YES;
				"CODE_SIGN_IDENTITY[sdk=iphoneos*]" = "iPhone Developer";
				COPY_PHASE_STRIP = NO;
				GCC_C_LANGUAGE_STANDARD = gnu99;
				GCC_DYNAMIC_NO_PIC = NO;
				GCC_OPTIMIZATION_LEVEL = 0;
				GCC_PREPROCESSOR_DEFINITIONS = (
					"DEBUG=1",
					"$(inherited)",
				);
				GCC_SYMBOLS_PRIVATE_EXTERN = NO;
				GCC_WARN_64_TO_32_BIT_CONVERSION = YES;
				GCC_WARN_ABOUT_RETURN_TYPE = YES_ERROR;
				GCC_WARN_UNDECLARED_SELECTOR = YES;
				GCC_WARN_UNINITIALIZED_AUTOS = YES_AGGRESSIVE;
				GCC_WARN_UNUSED_FUNCTION = YES;
				GCC_WARN_UNUSED_VARIABLE = YES;
				IPHONEOS_DEPLOYMENT_TARGET = 7.1;
				ONLY_ACTIVE_ARCH = YES;
				SDKROOT = iphoneos;
			};
			name = Debug;
		};
		4BE2A35B18F93E8F00386607 /* Release */ = {
			isa = XCBuildConfiguration;
			buildSettings = {
				ALWAYS_SEARCH_USER_PATHS = NO;
				CLANG_CXX_LANGUAGE_STANDARD = "gnu++0x";
				CLANG_CXX_LIBRARY = "libc++";
				CLANG_ENABLE_MODULES = YES;
				CLANG_ENABLE_OBJC_ARC = YES;
				CLANG_WARN_BOOL_CONVERSION = YES;
				CLANG_WARN_CONSTANT_CONVERSION = YES;
				CLANG_WARN_DIRECT_OBJC_ISA_USAGE = YES_ERROR;
				CLANG_WARN_EMPTY_BODY = YES;
				CLANG_WARN_ENUM_CONVERSION = YES;
				CLANG_WARN_INT_CONVERSION = YES;
				CLANG_WARN_OBJC_ROOT_CLASS = YES_ERROR;
				CLANG_WARN__DUPLICATE_METHOD_MATCH = YES;
				"CODE_SIGN_IDENTITY[sdk=iphoneos*]" = "iPhone Developer";
				COPY_PHASE_STRIP = YES;
				ENABLE_NS_ASSERTIONS = NO;
				GCC_C_LANGUAGE_STANDARD = gnu99;
				GCC_WARN_64_TO_32_BIT_CONVERSION = YES;
				GCC_WARN_ABOUT_RETURN_TYPE = YES_ERROR;
				GCC_WARN_UNDECLARED_SELECTOR = YES;
				GCC_WARN_UNINITIALIZED_AUTOS = YES_AGGRESSIVE;
				GCC_WARN_UNUSED_FUNCTION = YES;
				GCC_WARN_UNUSED_VARIABLE = YES;
				IPHONEOS_DEPLOYMENT_TARGET = 7.1;
				SDKROOT = iphoneos;
				VALIDATE_PRODUCT = YES;
			};
			name = Release;
		};
		4BE2A35D18F93E8F00386607 /* Debug */ = {
			isa = XCBuildConfiguration;
			baseConfigurationReference = 4A6A031D66B9440CB0E0F0D6 /* Pods.xcconfig */;
			buildSettings = {
				ASSETCATALOG_COMPILER_APPICON_NAME = AppIcon;
				ASSETCATALOG_COMPILER_LAUNCHIMAGE_NAME = LaunchImage;
				CODE_SIGN_IDENTITY = "iPhone Developer";
				GCC_PRECOMPILE_PREFIX_HEADER = YES;
				GCC_PREFIX_HEADER = "BetaHack/Project Config/BetaHack-Prefix.pch";
				INFOPLIST_FILE = "$(SRCROOT)/BetaHack/Project Config/BetaHack-Info.plist";
				IPHONEOS_DEPLOYMENT_TARGET = 7.0;
				LIBRARY_SEARCH_PATHS = (
					"$(inherited)",
					"$(PROJECT_DIR)/BetaHack/Google",
					Analytics/Library,
				);
				PRODUCT_NAME = "$(TARGET_NAME)";
				WRAPPER_EXTENSION = app;
			};
			name = Debug;
		};
		4BE2A35E18F93E8F00386607 /* Release */ = {
			isa = XCBuildConfiguration;
			baseConfigurationReference = 4A6A031D66B9440CB0E0F0D6 /* Pods.xcconfig */;
			buildSettings = {
				ASSETCATALOG_COMPILER_APPICON_NAME = AppIcon;
				ASSETCATALOG_COMPILER_LAUNCHIMAGE_NAME = LaunchImage;
				CODE_SIGN_IDENTITY = "iPhone Developer";
				GCC_PRECOMPILE_PREFIX_HEADER = YES;
				GCC_PREFIX_HEADER = "BetaHack/Project Config/BetaHack-Prefix.pch";
				INFOPLIST_FILE = "$(SRCROOT)/BetaHack/Project Config/BetaHack-Info.plist";
				IPHONEOS_DEPLOYMENT_TARGET = 7.0;
				LIBRARY_SEARCH_PATHS = (
					"$(inherited)",
					"$(PROJECT_DIR)/BetaHack/Google",
					Analytics/Library,
				);
				PRODUCT_NAME = "$(TARGET_NAME)";
				WRAPPER_EXTENSION = app;
			};
			name = Release;
		};
		4BE2A36018F93E8F00386607 /* Debug */ = {
			isa = XCBuildConfiguration;
			buildSettings = {
				BUNDLE_LOADER = "$(BUILT_PRODUCTS_DIR)/BetaHack.app/BetaHack";
				FRAMEWORK_SEARCH_PATHS = (
					"$(SDKROOT)/Developer/Library/Frameworks",
					"$(inherited)",
					"$(DEVELOPER_FRAMEWORKS_DIR)",
				);
				GCC_PRECOMPILE_PREFIX_HEADER = YES;
				GCC_PREFIX_HEADER = "BetaHack/BetaHack-Prefix.pch";
				GCC_PREPROCESSOR_DEFINITIONS = (
					"DEBUG=1",
					"$(inherited)",
				);
				INFOPLIST_FILE = "BetaHackTests/BetaHackTests-Info.plist";
				PRODUCT_NAME = "$(TARGET_NAME)";
				TEST_HOST = "$(BUNDLE_LOADER)";
				WRAPPER_EXTENSION = xctest;
			};
			name = Debug;
		};
		4BE2A36118F93E8F00386607 /* Release */ = {
			isa = XCBuildConfiguration;
			buildSettings = {
				BUNDLE_LOADER = "$(BUILT_PRODUCTS_DIR)/BetaHack.app/BetaHack";
				FRAMEWORK_SEARCH_PATHS = (
					"$(SDKROOT)/Developer/Library/Frameworks",
					"$(inherited)",
					"$(DEVELOPER_FRAMEWORKS_DIR)",
				);
				GCC_PRECOMPILE_PREFIX_HEADER = YES;
				GCC_PREFIX_HEADER = "BetaHack/BetaHack-Prefix.pch";
				INFOPLIST_FILE = "BetaHackTests/BetaHackTests-Info.plist";
				PRODUCT_NAME = "$(TARGET_NAME)";
				TEST_HOST = "$(BUNDLE_LOADER)";
				WRAPPER_EXTENSION = xctest;
			};
			name = Release;
		};
/* End XCBuildConfiguration section */

/* Begin XCConfigurationList section */
		4BE2A32518F93E8F00386607 /* Build configuration list for PBXProject "BetaHack" */ = {
			isa = XCConfigurationList;
			buildConfigurations = (
				4BE2A35A18F93E8F00386607 /* Debug */,
				4BE2A35B18F93E8F00386607 /* Release */,
			);
			defaultConfigurationIsVisible = 0;
			defaultConfigurationName = Release;
		};
		4BE2A35C18F93E8F00386607 /* Build configuration list for PBXNativeTarget "BetaHack" */ = {
			isa = XCConfigurationList;
			buildConfigurations = (
				4BE2A35D18F93E8F00386607 /* Debug */,
				4BE2A35E18F93E8F00386607 /* Release */,
			);
			defaultConfigurationIsVisible = 0;
			defaultConfigurationName = Release;
		};
		4BE2A35F18F93E8F00386607 /* Build configuration list for PBXNativeTarget "BetaHackTests" */ = {
			isa = XCConfigurationList;
			buildConfigurations = (
				4BE2A36018F93E8F00386607 /* Debug */,
				4BE2A36118F93E8F00386607 /* Release */,
			);
			defaultConfigurationIsVisible = 0;
			defaultConfigurationName = Release;
		};
/* End XCConfigurationList section */

/* Begin XCVersionGroup section */
		4BC24EF618F952F6007FF792 /* Model.xcdatamodeld */ = {
			isa = XCVersionGroup;
			children = (
				4BC24EF718F952F6007FF792 /* Model.xcdatamodel */,
			);
			currentVersion = 4BC24EF718F952F6007FF792 /* Model.xcdatamodel */;
			path = Model.xcdatamodeld;
			sourceTree = "<group>";
			versionGroupType = wrapper.xcdatamodel;
		};
/* End XCVersionGroup section */
	};
	rootObject = 4BE2A32218F93E8F00386607 /* Project object */;
}
